
Microsoft Visual Studio Solution File, Format Version 12.00
# Visual Studio Version 17
VisualStudioVersion = 17.2.32516.85
MinimumVisualStudioVersion = 10.0.40219.1
Project("{FAE04EC0-301F-11D3-BF4B-00C04F79EFBC}") = "EAS_Leave_API01", "EAS_Leave_API01\EAS_Leave_API01.csproj", "{9A7893C3-14DA-4C96-B1F6-B2F5E260B368}"
EndProject
Global
	GlobalSection(SolutionConfigurationPlatforms) = preSolution
		Debug|Any CPU = Debug|Any CPU
		Release|Any CPU = Release|Any CPU
	EndGlobalSection
	GlobalSection(ProjectConfigurationPlatforms) = postSolution
		{9A7893C3-14DA-4C96-B1F6-B2F5E260B368}.Debug|Any CPU.ActiveCfg = Debug|Any CPU
		{9A7893C3-14DA-4C96-B1F6-B2F5E260B368}.Debug|Any CPU.Build.0 = Debug|Any CPU
		{9A7893C3-14DA-4C96-B1F6-B2F5E260B368}.Release|Any CPU.ActiveCfg = Release|Any CPU
		{9A7893C3-14DA-4C96-B1F6-B2F5E260B368}.Release|Any CPU.Build.0 = Release|Any CPU
	EndGlobalSection
	GlobalSection(SolutionProperties) = preSolution
		HideSolutionNode = FALSE
	EndGlobalSection
	GlobalSection(ExtensibilityGlobals) = postSolution
		SolutionGuid = {C737B266-3138-43E4-92AB-416D5AC44CDE}
	EndGlobalSection
EndGlobal
